
Microsoft Visual Studio Solution File, Format Version 12.00
# Visual Studio Version 16
VisualStudioVersion = 16.0.30523.141
MinimumVisualStudioVersion = 10.0.40219.1
Project("{FAE04EC0-301F-11D3-BF4B-00C04F79EFBC}") = "Selenium.Docker.Kubernetes", "SeleniumCSharp\Selenium.Docker.Kubernetes.csproj", "{C29E78FD-7634-4D63-A499-9CFE064913DF}"
EndProject
Global
	GlobalSection(SolutionConfigurationPlatforms) = preSolution
		Debug|Any CPU = Debug|Any CPU
		Release|Any CPU = Release|Any CPU
	EndGlobalSection
	GlobalSection(ProjectConfigurationPlatforms) = postSolution
		{C29E78FD-7634-4D63-A499-9CFE064913DF}.Debug|Any CPU.ActiveCfg = Debug|Any CPU
		{C29E78FD-7634-4D63-A499-9CFE064913DF}.Debug|Any CPU.Build.0 = Debug|Any CPU
		{C29E78FD-7634-4D63-A499-9CFE064913DF}.Release|Any CPU.ActiveCfg = Release|Any CPU
		{C29E78FD-7634-4D63-A499-9CFE064913DF}.Release|Any CPU.Build.0 = Release|Any CPU
	EndGlobalSection
	GlobalSection(SolutionProperties) = preSolution
		HideSolutionNode = FALSE
	EndGlobalSection
	GlobalSection(ExtensibilityGlobals) = postSolution
		SolutionGuid = {6E10D004-DEAB-4C7E-B753-8E154B8598E9}
	EndGlobalSection
EndGlobal
